github.com/sparques/fansiterm v0.0.0-20240510123508-e64c4a3a6721 h1:XjpzPzmku+evXahf5T/kU/2c6hJTMfZ2iogrLFp9+es=
github.com/sparques/fansiterm v0.0.0-20240510123508-e64c4a3a6721/go.mod h1:QNlKzBZjtA8JBkQB60Xr1bRIvntKwTCmOTn+34TKoz8=
github.com/sparques/gfx v0.0.0-20240422165645-8484bc574c25 h1:O5JmItya4iXbXzMkczMhiQA1n8mcinb2gKE11/S3Pvo=
github.com/sparques/gfx v0.0.0-20240422165645-8484bc574c25/go.mod h1:CGxot+9W7jFeT8cH61YQr8KtW+8/eI1uz646yBTvEa0=
golang.org/x/exp v0.0.0-20240409090435-93d18d7e34b8 h1:ESSUROHIBHg7USnszlcdmjBEwdMj9VUvU+OPk4yl2mc=
golang.org/x/exp v0.0.0-20240409090435-93d18d7e34b8/go.mod h1:/lliqkxwWAhPjf5oSOIJup2XcqJaw8RGS6k3TGEc7GI=
